
Microsoft Visual Studio Solution File, Format Version 12.00
# Visual Studio Version 17
VisualStudioVersion = 17.0.31903.59
MinimumVisualStudioVersion = 10.0.40219.1
Project("{FAE04EC0-301F-11D3-BF4B-00C04F79EFBC}") = "EasySave", "EasySave\EasySave.csproj", "{2BFE1DBC-4CBC-4BA0-912B-BA0763727405}"
EndProject
Project("{FAE04EC0-301F-11D3-BF4B-00C04F79EFBC}") = "EasyLog", "EasyLog\EasyLog.csproj", "{00E51E5E-42EA-4810-985B-AD3B1AE9E30F}"
EndProject
Project("{FAE04EC0-301F-11D3-BF4B-00C04F79EFBC}") = "EasySaveTest", "EasySaveTest\EasySaveTest.csproj", "{F38CDF09-241C-48D6-AABC-9C4F7EBF7B36}"
EndProject
Project("{FAE04EC0-301F-11D3-BF4B-00C04F79EFBC}") = "EasyLogTest", "EasyLogTest\EasyLogTest.csproj", "{2A5A0825-ECED-45B3-9294-C693298FCFC9}"
EndProject
Project("{FAE04EC0-301F-11D3-BF4B-00C04F79EFBC}") = "EasySave.Translation", "EasySave.Translation\EasySave.Translation.csproj", "{7D466ABB-AC3C-461B-BE1A-9CB51061C786}"
EndProject
Project("{FAE04EC0-301F-11D3-BF4B-00C04F79EFBC}") = "EasySave.Server", "EasySave.Server\EasySave.Server.csproj", "{0FE80888-BBC7-4E03-B0C7-4832FCB12FE7}"
EndProject
Project("{FAE04EC0-301F-11D3-BF4B-00C04F79EFBC}") = "EasySave.Protocol", "EasySave.Protocol\EasySave.Protocol.csproj", "{6FCA422A-9D8B-4A1E-B47D-951EC8A4D880}"
EndProject
Global
	GlobalSection(SolutionConfigurationPlatforms) = preSolution
		Debug|Any CPU = Debug|Any CPU
		Debug|x64 = Debug|x64
		Debug|x86 = Debug|x86
		Release|Any CPU = Release|Any CPU
		Release|x64 = Release|x64
		Release|x86 = Release|x86
	EndGlobalSection
	GlobalSection(ProjectConfigurationPlatforms) = postSolution
		{2BFE1DBC-4CBC-4BA0-912B-BA0763727405}.Debug|Any CPU.ActiveCfg = Debug|Any CPU
		{2BFE1DBC-4CBC-4BA0-912B-BA0763727405}.Debug|Any CPU.Build.0 = Debug|Any CPU
		{2BFE1DBC-4CBC-4BA0-912B-BA0763727405}.Debug|x64.ActiveCfg = Debug|Any CPU
		{2BFE1DBC-4CBC-4BA0-912B-BA0763727405}.Debug|x64.Build.0 = Debug|Any CPU
		{2BFE1DBC-4CBC-4BA0-912B-BA0763727405}.Debug|x86.ActiveCfg = Debug|Any CPU
		{2BFE1DBC-4CBC-4BA0-912B-BA0763727405}.Debug|x86.Build.0 = Debug|Any CPU
		{2BFE1DBC-4CBC-4BA0-912B-BA0763727405}.Release|Any CPU.ActiveCfg = Release|Any CPU
		{2BFE1DBC-4CBC-4BA0-912B-BA0763727405}.Release|Any CPU.Build.0 = Release|Any CPU
		{2BFE1DBC-4CBC-4BA0-912B-BA0763727405}.Release|x64.ActiveCfg = Release|Any CPU
		{2BFE1DBC-4CBC-4BA0-912B-BA0763727405}.Release|x64.Build.0 = Release|Any CPU
		{2BFE1DBC-4CBC-4BA0-912B-BA0763727405}.Release|x86.ActiveCfg = Release|Any CPU
		{2BFE1DBC-4CBC-4BA0-912B-BA0763727405}.Release|x86.Build.0 = Release|Any CPU
		{00E51E5E-42EA-4810-985B-AD3B1AE9E30F}.Debug|Any CPU.ActiveCfg = Debug|Any CPU
		{00E51E5E-42EA-4810-985B-AD3B1AE9E30F}.Debug|Any CPU.Build.0 = Debug|Any CPU
		{00E51E5E-42EA-4810-985B-AD3B1AE9E30F}.Debug|x64.ActiveCfg = Debug|Any CPU
		{00E51E5E-42EA-4810-985B-AD3B1AE9E30F}.Debug|x64.Build.0 = Debug|Any CPU
		{00E51E5E-42EA-4810-985B-AD3B1AE9E30F}.Debug|x86.ActiveCfg = Debug|Any CPU
		{00E51E5E-42EA-4810-985B-AD3B1AE9E30F}.Debug|x86.Build.0 = Debug|Any CPU
		{00E51E5E-42EA-4810-985B-AD3B1AE9E30F}.Release|Any CPU.ActiveCfg = Release|Any CPU
		{00E51E5E-42EA-4810-985B-AD3B1AE9E30F}.Release|Any CPU.Build.0 = Release|Any CPU
		{00E51E5E-42EA-4810-985B-AD3B1AE9E30F}.Release|x64.ActiveCfg = Release|Any CPU
		{00E51E5E-42EA-4810-985B-AD3B1AE9E30F}.Release|x64.Build.0 = Release|Any CPU
		{00E51E5E-42EA-4810-985B-AD3B1AE9E30F}.Release|x86.ActiveCfg = Release|Any CPU
		{00E51E5E-42EA-4810-985B-AD3B1AE9E30F}.Release|x86.Build.0 = Release|Any CPU
		{F38CDF09-241C-48D6-AABC-9C4F7EBF7B36}.Debug|Any CPU.ActiveCfg = Debug|Any CPU
		{F38CDF09-241C-48D6-AABC-9C4F7EBF7B36}.Debug|Any CPU.Build.0 = Debug|Any CPU
		{F38CDF09-241C-48D6-AABC-9C4F7EBF7B36}.Debug|x64.ActiveCfg = Debug|Any CPU
		{F38CDF09-241C-48D6-AABC-9C4F7EBF7B36}.Debug|x64.Build.0 = Debug|Any CPU
		{F38CDF09-241C-48D6-AABC-9C4F7EBF7B36}.Debug|x86.ActiveCfg = Debug|Any CPU
		{F38CDF09-241C-48D6-AABC-9C4F7EBF7B36}.Debug|x86.Build.0 = Debug|Any CPU
		{F38CDF09-241C-48D6-AABC-9C4F7EBF7B36}.Release|Any CPU.ActiveCfg = Release|Any CPU
		{F38CDF09-241C-48D6-AABC-9C4F7EBF7B36}.Release|Any CPU.Build.0 = Release|Any CPU
		{F38CDF09-241C-48D6-AABC-9C4F7EBF7B36}.Release|x64.ActiveCfg = Release|Any CPU
		{F38CDF09-241C-48D6-AABC-9C4F7EBF7B36}.Release|x64.Build.0 = Release|Any CPU
		{F38CDF09-241C-48D6-AABC-9C4F7EBF7B36}.Release|x86.ActiveCfg = Release|Any CPU
		{F38CDF09-241C-48D6-AABC-9C4F7EBF7B36}.Release|x86.Build.0 = Release|Any CPU
		{2A5A0825-ECED-45B3-9294-C693298FCFC9}.Debug|Any CPU.ActiveCfg = Debug|Any CPU
		{2A5A0825-ECED-45B3-9294-C693298FCFC9}.Debug|Any CPU.Build.0 = Debug|Any CPU
		{2A5A0825-ECED-45B3-9294-C693298FCFC9}.Debug|x64.ActiveCfg = Debug|Any CPU
		{2A5A0825-ECED-45B3-9294-C693298FCFC9}.Debug|x64.Build.0 = Debug|Any CPU
		{2A5A0825-ECED-45B3-9294-C693298FCFC9}.Debug|x86.ActiveCfg = Debug|Any CPU
		{2A5A0825-ECED-45B3-9294-C693298FCFC9}.Debug|x86.Build.0 = Debug|Any CPU
		{2A5A0825-ECED-45B3-9294-C693298FCFC9}.Release|Any CPU.ActiveCfg = Release|Any CPU
		{2A5A0825-ECED-45B3-9294-C693298FCFC9}.Release|Any CPU.Build.0 = Release|Any CPU
		{2A5A0825-ECED-45B3-9294-C693298FCFC9}.Release|x64.ActiveCfg = Release|Any CPU
		{2A5A0825-ECED-45B3-9294-C693298FCFC9}.Release|x64.Build.0 = Release|Any CPU
		{2A5A0825-ECED-45B3-9294-C693298FCFC9}.Release|x86.ActiveCfg = Release|Any CPU
		{2A5A0825-ECED-45B3-9294-C693298FCFC9}.Release|x86.Build.0 = Release|Any CPU
		{7D466ABB-AC3C-461B-BE1A-9CB51061C786}.Debug|Any CPU.ActiveCfg = Debug|Any CPU
		{7D466ABB-AC3C-461B-BE1A-9CB51061C786}.Debug|Any CPU.Build.0 = Debug|Any CPU
		{7D466ABB-AC3C-461B-BE1A-9CB51061C786}.Debug|x64.ActiveCfg = Debug|Any CPU
		{7D466ABB-AC3C-461B-BE1A-9CB51061C786}.Debug|x64.Build.0 = Debug|Any CPU
		{7D466ABB-AC3C-461B-BE1A-9CB51061C786}.Debug|x86.ActiveCfg = Debug|Any CPU
		{7D466ABB-AC3C-461B-BE1A-9CB51061C786}.Debug|x86.Build.0 = Debug|Any CPU
		{7D466ABB-AC3C-461B-BE1A-9CB51061C786}.Release|Any CPU.ActiveCfg = Release|Any CPU
		{7D466ABB-AC3C-461B-BE1A-9CB51061C786}.Release|Any CPU.Build.0 = Release|Any CPU
		{7D466ABB-AC3C-461B-BE1A-9CB51061C786}.Release|x64.ActiveCfg = Release|Any CPU
		{7D466ABB-AC3C-461B-BE1A-9CB51061C786}.Release|x64.Build.0 = Release|Any CPU
		{7D466ABB-AC3C-461B-BE1A-9CB51061C786}.Release|x86.ActiveCfg = Release|Any CPU
		{7D466ABB-AC3C-461B-BE1A-9CB51061C786}.Release|x86.Build.0 = Release|Any CPU
		{0FE80888-BBC7-4E03-B0C7-4832FCB12FE7}.Debug|Any CPU.ActiveCfg = Debug|Any CPU
		{0FE80888-BBC7-4E03-B0C7-4832FCB12FE7}.Debug|Any CPU.Build.0 = Debug|Any CPU
		{0FE80888-BBC7-4E03-B0C7-4832FCB12FE7}.Debug|x64.ActiveCfg = Debug|Any CPU
		{0FE80888-BBC7-4E03-B0C7-4832FCB12FE7}.Debug|x64.Build.0 = Debug|Any CPU
		{0FE80888-BBC7-4E03-B0C7-4832FCB12FE7}.Debug|x86.ActiveCfg = Debug|Any CPU
		{0FE80888-BBC7-4E03-B0C7-4832FCB12FE7}.Debug|x86.Build.0 = Debug|Any CPU
		{0FE80888-BBC7-4E03-B0C7-4832FCB12FE7}.Release|Any CPU.ActiveCfg = Release|Any CPU
		{0FE80888-BBC7-4E03-B0C7-4832FCB12FE7}.Release|Any CPU.Build.0 = Release|Any CPU
		{0FE80888-BBC7-4E03-B0C7-4832FCB12FE7}.Release|x64.ActiveCfg = Release|Any CPU
		{0FE80888-BBC7-4E03-B0C7-4832FCB12FE7}.Release|x64.Build.0 = Release|Any CPU
		{0FE80888-BBC7-4E03-B0C7-4832FCB12FE7}.Release|x86.ActiveCfg = Release|Any CPU
		{0FE80888-BBC7-4E03-B0C7-4832FCB12FE7}.Release|x86.Build.0 = Release|Any CPU
		{6FCA422A-9D8B-4A1E-B47D-951EC8A4D880}.Debug|Any CPU.ActiveCfg = Debug|Any CPU
		{6FCA422A-9D8B-4A1E-B47D-951EC8A4D880}.Debug|Any CPU.Build.0 = Debug|Any CPU
		{6FCA422A-9D8B-4A1E-B47D-951EC8A4D880}.Debug|x64.ActiveCfg = Debug|Any CPU
		{6FCA422A-9D8B-4A1E-B47D-951EC8A4D880}.Debug|x64.Build.0 = Debug|Any CPU
		{6FCA422A-9D8B-4A1E-B47D-951EC8A4D880}.Debug|x86.ActiveCfg = Debug|Any CPU
		{6FCA422A-9D8B-4A1E-B47D-951EC8A4D880}.Debug|x86.Build.0 = Debug|Any CPU
		{6FCA422A-9D8B-4A1E-B47D-951EC8A4D880}.Release|Any CPU.ActiveCfg = Release|Any CPU
		{6FCA422A-9D8B-4A1E-B47D-951EC8A4D880}.Release|Any CPU.Build.0 = Release|Any CPU
		{6FCA422A-9D8B-4A1E-B47D-951EC8A4D880}.Release|x64.ActiveCfg = Release|Any CPU
		{6FCA422A-9D8B-4A1E-B47D-951EC8A4D880}.Release|x64.Build.0 = Release|Any CPU
		{6FCA422A-9D8B-4A1E-B47D-951EC8A4D880}.Release|x86.ActiveCfg = Release|Any CPU
		{6FCA422A-9D8B-4A1E-B47D-951EC8A4D880}.Release|x86.Build.0 = Release|Any CPU
	EndGlobalSection
	GlobalSection(SolutionProperties) = preSolution
		HideSolutionNode = FALSE
	EndGlobalSection
EndGlobal
